
Microsoft Visual Studio Solution File, Format Version 12.00
Project("{FAE04EC0-301F-11D3-BF4B-00C04F79EFBC}") = "FractalSurface3", "FractalSurface3\FractalSurface3.csproj", "{BE036720-16AC-4A8F-BD00-68D30124B86E}"
EndProject
Global
	GlobalSection(SolutionConfigurationPlatforms) = preSolution
		Debug|Any CPU = Debug|Any CPU
		Release|Any CPU = Release|Any CPU
	EndGlobalSection
	GlobalSection(ProjectConfigurationPlatforms) = postSolution
		{BE036720-16AC-4A8F-BD00-68D30124B86E}.Debug|Any CPU.ActiveCfg = Debug|Any CPU
		{BE036720-16AC-4A8F-BD00-68D30124B86E}.Debug|Any CPU.Build.0 = Debug|Any CPU
		{BE036720-16AC-4A8F-BD00-68D30124B86E}.Release|Any CPU.ActiveCfg = Release|Any CPU
		{BE036720-16AC-4A8F-BD00-68D30124B86E}.Release|Any CPU.Build.0 = Release|Any CPU
	EndGlobalSection
EndGlobal
